// !$*UTF8*$!
{
	archiveVersion = 1;
	classes = {
	};
	objectVersion = 50;
	objects = {

/* Begin PBXBuildFile section */
		3F23CCEA263D8411008B9100 /* AppDelegate.swift in Sources */ = {isa = PBXBuildFile; fileRef = 3F23CCE9263D8411008B9100 /* AppDelegate.swift */; };
		3F23CCEC263D8411008B9100 /* ViewController.swift in Sources */ = {isa = PBXBuildFile; fileRef = 3F23CCEB263D8411008B9100 /* ViewController.swift */; };
		3F23CCEF263D8411008B9100 /* Main.storyboard in Resources */ = {isa = PBXBuildFile; fileRef = 3F23CCED263D8411008B9100 /* Main.storyboard */; };
		3F23CCF2263D8411008B9100 /* iosWaiter.xcdatamodeld in Sources */ = {isa = PBXBuildFile; fileRef = 3F23CCF0263D8411008B9100 /* iosWaiter.xcdatamodeld */; };
		3F23CCF4263D8413008B9100 /* Assets.xcassets in Resources */ = {isa = PBXBuildFile; fileRef = 3F23CCF3263D8413008B9100 /* Assets.xcassets */; };
		3F23CCF7263D8413008B9100 /* LaunchScreen.storyboard in Resources */ = {isa = PBXBuildFile; fileRef = 3F23CCF5263D8413008B9100 /* LaunchScreen.storyboard */; };
		3FB729C0265BD33500B15496 /* SettingsController.swift in Sources */ = {isa = PBXBuildFile; fileRef = 3FB729BF265BD33500B15496 /* SettingsController.swift */; };
		3FB729C2265BD5AD00B15496 /* savedSettings.swift in Sources */ = {isa = PBXBuildFile; fileRef = 3FB729C1265BD5AD00B15496 /* savedSettings.swift */; };
		3FB729C4265ECCCE00B15496 /* User.swift in Sources */ = {isa = PBXBuildFile; fileRef = 3FB729C3265ECCCE00B15496 /* User.swift */; };
		3FB729C6265ECCE700B15496 /* UserController.swift in Sources */ = {isa = PBXBuildFile; fileRef = 3FB729C5265ECCE700B15496 /* UserController.swift */; };
		3FB729CC266167B100B15496 /* paymentController.swift in Sources */ = {isa = PBXBuildFile; fileRef = 3FB729CB266167B100B15496 /* paymentController.swift */; };
		3FB729CE2663D1DE00B15496 /* historyController.swift in Sources */ = {isa = PBXBuildFile; fileRef = 3FB729CD2663D1DE00B15496 /* historyController.swift */; };
		3FBEAC6B26559F130031286A /* orderedItem.swift in Sources */ = {isa = PBXBuildFile; fileRef = 3FBEAC6A26559F130031286A /* orderedItem.swift */; };
		3FBEAC6F265941940031286A /* logInController.swift in Sources */ = {isa = PBXBuildFile; fileRef = 3FBEAC6E265941940031286A /* logInController.swift */; };
		3FBEAC7126594DB10031286A /* registerController.swift in Sources */ = {isa = PBXBuildFile; fileRef = 3FBEAC7026594DB10031286A /* registerController.swift */; };
		3FBEAC7326594DBE0031286A /* finishedOrderController.swift in Sources */ = {isa = PBXBuildFile; fileRef = 3FBEAC7226594DBE0031286A /* finishedOrderController.swift */; };
		3FBEAC78265A65EA0031286A /* DatabaseController.swift in Sources */ = {isa = PBXBuildFile; fileRef = 3FBEAC77265A65EA0031286A /* DatabaseController.swift */; };
		3FBEAC7A265A680A0031286A /* Order.swift in Sources */ = {isa = PBXBuildFile; fileRef = 3FBEAC79265A680A0031286A /* Order.swift */; };
		3FBEAC7C265A6C170031286A /* GoogleService-Info.plist in Resources */ = {isa = PBXBuildFile; fileRef = 3FBEAC7B265A6C160031286A /* GoogleService-Info.plist */; };
		3FC7897826557894005148A3 /* OrderController.swift in Sources */ = {isa = PBXBuildFile; fileRef = 3FC7897726557894005148A3 /* OrderController.swift */; };
		3FE9461C263EFA0300E4FB62 /* Person.swift in Sources */ = {isa = PBXBuildFile; fileRef = 3FE9461B263EFA0300E4FB62 /* Person.swift */; };
		3FE9461E263EFCED00E4FB62 /* PizzaController.swift in Sources */ = {isa = PBXBuildFile; fileRef = 3FE9461D263EFCED00E4FB62 /* PizzaController.swift */; };
		3FE94620263EFFD200E4FB62 /* AsianController.swift in Sources */ = {isa = PBXBuildFile; fileRef = 3FE9461F263EFFD200E4FB62 /* AsianController.swift */; };
		3FE94622263EFFE000E4FB62 /* BurgerController.swift in Sources */ = {isa = PBXBuildFile; fileRef = 3FE94621263EFFE000E4FB62 /* BurgerController.swift */; };
		3FE94624263F121000E4FB62 /* GeneralOrderInfo.swift in Sources */ = {isa = PBXBuildFile; fileRef = 3FE94623263F121000E4FB62 /* GeneralOrderInfo.swift */; };
		3FECA3312663F3A5000A1A63 /* indexController.swift in Sources */ = {isa = PBXBuildFile; fileRef = 3FECA3302663F3A5000A1A63 /* indexController.swift */; };
		88759B616C2A8457D9018912 /* Pods_iosWaiter.framework in Frameworks */ = {isa = PBXBuildFile; fileRef = 3BEB51A36A5666E3B49535BE /* Pods_iosWaiter.framework */; };
/* End PBXBuildFile section */

/* Begin PBXFileReference section */
		3BEB51A36A5666E3B49535BE /* Pods_iosWaiter.framework */ = {isa = PBXFileReference; explicitFileType = wrapper.framework; includeInIndex = 0; path = Pods_iosWaiter.framework; sourceTree = BUILT_PRODUCTS_DIR; };
		3F23CCE6263D8411008B9100 /* iosWaiter.app */ = {isa = PBXFileReference; explicitFileType = wrapper.application; includeInIndex = 0; path = iosWaiter.app; sourceTree = BUILT_PRODUCTS_DIR; };
		3F23CCE9263D8411008B9100 /* AppDelegate.swift */ = {isa = PBXFileReference; lastKnownFileType = sourcecode.swift; path = AppDelegate.swift; sourceTree = "<group>"; };
		3F23CCEB263D8411008B9100 /* ViewController.swift */ = {isa = PBXFileReference; lastKnownFileType = sourcecode.swift; path = ViewController.swift; sourceTree = "<group>"; };
		3F23CCEE263D8411008B9100 /* Base */ = {isa = PBXFileReference; lastKnownFileType = file.storyboard; name = Base; path = Base.lproj/Main.storyboard; sourceTree = "<group>"; };
		3F23CCF1263D8411008B9100 /* iosWaiter.xcdatamodel */ = {isa = PBXFileReference; lastKnownFileType = wrapper.xcdatamodel; path = iosWaiter.xcdatamodel; sourceTree = "<group>"; };
		3F23CCF3263D8413008B9100 /* Assets.xcassets */ = {isa = PBXFileReference; lastKnownFileType = folder.assetcatalog; path = Assets.xcassets; sourceTree = "<group>"; };
		3F23CCF6263D8413008B9100 /* Base */ = {isa = PBXFileReference; lastKnownFileType = file.storyboard; name = Base; path = Base.lproj/LaunchScreen.storyboard; sourceTree = "<group>"; };
		3F23CCF8263D8413008B9100 /* Info.plist */ = {isa = PBXFileReference; lastKnownFileType = text.plist.xml; path = Info.plist; sourceTree = "<group>"; };
		3F23CCFE263D8434008B9100 /* iosWaiter.entitlements */ = {isa = PBXFileReference; lastKnownFileType = text.plist.entitlements; path = iosWaiter.entitlements; sourceTree = "<group>"; };
		3FB729BF265BD33500B15496 /* SettingsController.swift */ = {isa = PBXFileReference; lastKnownFileType = sourcecode.swift; path = SettingsController.swift; sourceTree = "<group>"; };
		3FB729C1265BD5AD00B15496 /* savedSettings.swift */ = {isa = PBXFileReference; lastKnownFileType = sourcecode.swift; path = savedSettings.swift; sourceTree = "<group>"; };
		3FB729C3265ECCCE00B15496 /* User.swift */ = {isa = PBXFileReference; lastKnownFileType = sourcecode.swift; path = User.swift; sourceTree = "<group>"; };
		3FB729C5265ECCE700B15496 /* UserController.swift */ = {isa = PBXFileReference; lastKnownFileType = sourcecode.swift; path = UserController.swift; sourceTree = "<group>"; };
		3FB729CB266167B100B15496 /* paymentController.swift */ = {isa = PBXFileReference; lastKnownFileType = sourcecode.swift; path = paymentController.swift; sourceTree = "<group>"; };
		3FB729CD2663D1DE00B15496 /* historyController.swift */ = {isa = PBXFileReference; lastKnownFileType = sourcecode.swift; path = historyController.swift; sourceTree = "<group>"; };
		3FBEAC6A26559F130031286A /* orderedItem.swift */ = {isa = PBXFileReference; lastKnownFileType = sourcecode.swift; path = orderedItem.swift; sourceTree = "<group>"; };
		3FBEAC6E265941940031286A /* logInController.swift */ = {isa = PBXFileReference; lastKnownFileType = sourcecode.swift; path = logInController.swift; sourceTree = "<group>"; };
		3FBEAC7026594DB10031286A /* registerController.swift */ = {isa = PBXFileReference; lastKnownFileType = sourcecode.swift; path = registerController.swift; sourceTree = "<group>"; };
		3FBEAC7226594DBE0031286A /* finishedOrderController.swift */ = {isa = PBXFileReference; lastKnownFileType = sourcecode.swift; path = finishedOrderController.swift; sourceTree = "<group>"; };
		3FBEAC77265A65EA0031286A /* DatabaseController.swift */ = {isa = PBXFileReference; lastKnownFileType = sourcecode.swift; path = DatabaseController.swift; sourceTree = "<group>"; };
		3FBEAC79265A680A0031286A /* Order.swift */ = {isa = PBXFileReference; lastKnownFileType = sourcecode.swift; path = Order.swift; sourceTree = "<group>"; };
		3FBEAC7B265A6C160031286A /* GoogleService-Info.plist */ = {isa = PBXFileReference; fileEncoding = 4; lastKnownFileType = text.plist.xml; path = "GoogleService-Info.plist"; sourceTree = "<group>"; };
		3FC7897726557894005148A3 /* OrderController.swift */ = {isa = PBXFileReference; lastKnownFileType = sourcecode.swift; path = OrderController.swift; sourceTree = "<group>"; };
		3FE9461B263EFA0300E4FB62 /* Person.swift */ = {isa = PBXFileReference; lastKnownFileType = sourcecode.swift; path = Person.swift; sourceTree = "<group>"; };
		3FE9461D263EFCED00E4FB62 /* PizzaController.swift */ = {isa = PBXFileReference; lastKnownFileType = sourcecode.swift; path = PizzaController.swift; sourceTree = "<group>"; };
		3FE9461F263EFFD200E4FB62 /* AsianController.swift */ = {isa = PBXFileReference; lastKnownFileType = sourcecode.swift; path = AsianController.swift; sourceTree = "<group>"; };
		3FE94621263EFFE000E4FB62 /* BurgerController.swift */ = {isa = PBXFileReference; lastKnownFileType = sourcecode.swift; path = BurgerController.swift; sourceTree = "<group>"; };
		3FE94623263F121000E4FB62 /* GeneralOrderInfo.swift */ = {isa = PBXFileReference; lastKnownFileType = sourcecode.swift; path = GeneralOrderInfo.swift; sourceTree = "<group>"; };
		3FECA3302663F3A5000A1A63 /* indexController.swift */ = {isa = PBXFileReference; lastKnownFileType = sourcecode.swift; path = indexController.swift; sourceTree = "<group>"; };
		6A5E0B923E3784C7F73CA1E0 /* Pods-iosWaiter.release.xcconfig */ = {isa = PBXFileReference; includeInIndex = 1; lastKnownFileType = text.xcconfig; name = "Pods-iosWaiter.release.xcconfig"; path = "Target Support Files/Pods-iosWaiter/Pods-iosWaiter.release.xcconfig"; sourceTree = "<group>"; };
		707BC5A85346C038DB57194C /* Pods-iosWaiter.debug.xcconfig */ = {isa = PBXFileReference; includeInIndex = 1; lastKnownFileType = text.xcconfig; name = "Pods-iosWaiter.debug.xcconfig"; path = "Target Support Files/Pods-iosWaiter/Pods-iosWaiter.debug.xcconfig"; sourceTree = "<group>"; };
/* End PBXFileReference section */

/* Begin PBXFrameworksBuildPhase section */
		3F23CCE3263D8411008B9100 /* Frameworks */ = {
			isa = PBXFrameworksBuildPhase;
			buildActionMask = 2147483647;
			files = (
				88759B616C2A8457D9018912 /* Pods_iosWaiter.framework in Frameworks */,
			);
			runOnlyForDeploymentPostprocessing = 0;
		};
/* End PBXFrameworksBuildPhase section */

/* Begin PBXGroup section */
		37AC952FCAFF95BDE2BCA6CE /* Pods */ = {
			isa = PBXGroup;
			children = (
				707BC5A85346C038DB57194C /* Pods-iosWaiter.debug.xcconfig */,
				6A5E0B923E3784C7F73CA1E0 /* Pods-iosWaiter.release.xcconfig */,
			);
			path = Pods;
			sourceTree = "<group>";
		};
		3F23CCDD263D8411008B9100 = {
			isa = PBXGroup;
			children = (
				3F23CCE8263D8411008B9100 /* iosWaiter */,
				3F23CCE7263D8411008B9100 /* Products */,
				37AC952FCAFF95BDE2BCA6CE /* Pods */,
				BC33316172CF55638B068F1B /* Frameworks */,
			);
			sourceTree = "<group>";
		};
		3F23CCE7263D8411008B9100 /* Products */ = {
			isa = PBXGroup;
			children = (
				3F23CCE6263D8411008B9100 /* iosWaiter.app */,
			);
			name = Products;
			sourceTree = "<group>";
		};
		3F23CCE8263D8411008B9100 /* iosWaiter */ = {
			isa = PBXGroup;
			children = (
				3FBEAC76265A65B00031286A /* DatabaseControllers */,
				3FBEAC752659532F0031286A /* DTOs */,
				3FBEAC74265953020031286A /* ViewControllers */,
				3F23CCFE263D8434008B9100 /* iosWaiter.entitlements */,
				3F23CCE9263D8411008B9100 /* AppDelegate.swift */,
				3F23CCED263D8411008B9100 /* Main.storyboard */,
				3FBEAC7B265A6C160031286A /* GoogleService-Info.plist */,
				3F23CCF3263D8413008B9100 /* Assets.xcassets */,
				3F23CCF5263D8413008B9100 /* LaunchScreen.storyboard */,
				3F23CCF8263D8413008B9100 /* Info.plist */,
				3F23CCF0263D8411008B9100 /* iosWaiter.xcdatamodeld */,
			);
			path = iosWaiter;
			sourceTree = "<group>";
		};
		3FBEAC74265953020031286A /* ViewControllers */ = {
			isa = PBXGroup;
			children = (
				3FBEAC7026594DB10031286A /* registerController.swift */,
				3FC7897726557894005148A3 /* OrderController.swift */,
				3FE9461F263EFFD200E4FB62 /* AsianController.swift */,
				3FB729CB266167B100B15496 /* paymentController.swift */,
				3FE94621263EFFE000E4FB62 /* BurgerController.swift */,
				3FE9461D263EFCED00E4FB62 /* PizzaController.swift */,
				3F23CCEB263D8411008B9100 /* ViewController.swift */,
				3FBEAC6E265941940031286A /* logInController.swift */,
				3FE94623263F121000E4FB62 /* GeneralOrderInfo.swift */,
				3FBEAC7226594DBE0031286A /* finishedOrderController.swift */,
				3FB729BF265BD33500B15496 /* SettingsController.swift */,
				3FB729CD2663D1DE00B15496 /* historyController.swift */,
				3FECA3302663F3A5000A1A63 /* indexController.swift */,
			);
			path = ViewControllers;
			sourceTree = "<group>";
		};
		3FBEAC752659532F0031286A /* DTOs */ = {
			isa = PBXGroup;
			children = (
				3FE9461B263EFA0300E4FB62 /* Person.swift */,
				3FBEAC6A26559F130031286A /* orderedItem.swift */,
				3FB729C1265BD5AD00B15496 /* savedSettings.swift */,
				3FB729C3265ECCCE00B15496 /* User.swift */,
			);
			path = DTOs;
			sourceTree = "<group>";
		};
		3FBEAC76265A65B00031286A /* DatabaseControllers */ = {
			isa = PBXGroup;
			children = (
				3FBEAC77265A65EA0031286A /* DatabaseController.swift */,
				3FBEAC79265A680A0031286A /* Order.swift */,
				3FB729C5265ECCE700B15496 /* UserController.swift */,
			);
			path = DatabaseControllers;
			sourceTree = "<group>";
		};
		BC33316172CF55638B068F1B /* Frameworks */ = {
			isa = PBXGroup;
			children = (
				3BEB51A36A5666E3B49535BE /* Pods_iosWaiter.framework */,
			);
			name = Frameworks;
			sourceTree = "<group>";
		};
/* End PBXGroup section */

/* Begin PBXNativeTarget section */
		3F23CCE5263D8411008B9100 /* iosWaiter */ = {
			isa = PBXNativeTarget;
			buildConfigurationList = 3F23CCFB263D8413008B9100 /* Build configuration list for PBXNativeTarget "iosWaiter" */;
			buildPhases = (
				39C5E09249DB6C3C0A84A9BD /* [CP] Check Pods Manifest.lock */,
				3F23CCE2263D8411008B9100 /* Sources */,
				3F23CCE3263D8411008B9100 /* Frameworks */,
				3F23CCE4263D8411008B9100 /* Resources */,
				76E2E453340650C4B3FCE1A3 /* [CP] Embed Pods Frameworks */,
			);
			buildRules = (
			);
			dependencies = (
			);
			name = iosWaiter;
			productName = iosWaiter;
			productReference = 3F23CCE6263D8411008B9100 /* iosWaiter.app */;
			productType = "com.apple.product-type.application";
		};
/* End PBXNativeTarget section */

/* Begin PBXProject section */
		3F23CCDE263D8411008B9100 /* Project object */ = {
			isa = PBXProject;
			attributes = {
				LastSwiftUpdateCheck = 0940;
				LastUpgradeCheck = 0940;
				ORGANIZATIONNAME = vetrabm;
				TargetAttributes = {
					3F23CCE5263D8411008B9100 = {
						CreatedOnToolsVersion = 9.4.1;
						SystemCapabilities = {
							com.apple.Push = {
								enabled = 0;
							};
						};
					};
				};
			};
			buildConfigurationList = 3F23CCE1263D8411008B9100 /* Build configuration list for PBXProject "iosWaiter" */;
			compatibilityVersion = "Xcode 9.3";
			developmentRegion = en;
			hasScannedForEncodings = 0;
			knownRegions = (
				en,
				Base,
			);
			mainGroup = 3F23CCDD263D8411008B9100;
			productRefGroup = 3F23CCE7263D8411008B9100 /* Products */;
			projectDirPath = "";
			projectRoot = "";
			targets = (
				3F23CCE5263D8411008B9100 /* iosWaiter */,
			);
		};
/* End PBXProject section */

/* Begin PBXResourcesBuildPhase section */
		3F23CCE4263D8411008B9100 /* Resources */ = {
			isa = PBXResourcesBuildPhase;
			buildActionMask = 2147483647;
			files = (
				3F23CCF7263D8413008B9100 /* LaunchScreen.storyboard in Resources */,
				3FBEAC7C265A6C170031286A /* GoogleService-Info.plist in Resources */,
				3F23CCF4263D8413008B9100 /* Assets.xcassets in Resources */,
				3F23CCEF263D8411008B9100 /* Main.storyboard in Resources */,
			);
			runOnlyForDeploymentPostprocessing = 0;
		};
/* End PBXResourcesBuildPhase section */

/* Begin PBXShellScriptBuildPhase section */
		39C5E09249DB6C3C0A84A9BD /* [CP] Check Pods Manifest.lock */ = {
			isa = PBXShellScriptBuildPhase;
			buildActionMask = 2147483647;
			files = (
			);
			inputPaths = (
				"${PODS_PODFILE_DIR_PATH}/Podfile.lock",
				"${PODS_ROOT}/Manifest.lock",
			);
			name = "[CP] Check Pods Manifest.lock";
			outputPaths = (
				"$(DERIVED_FILE_DIR)/Pods-iosWaiter-checkManifestLockResult.txt",
			);
			runOnlyForDeploymentPostprocessing = 0;
			shellPath = /bin/sh;
			shellScript = "diff \"${PODS_PODFILE_DIR_PATH}/Podfile.lock\" \"${PODS_ROOT}/Manifest.lock\" > /dev/null\nif [ $? != 0 ] ; then\n    # print error to STDERR\n    echo \"error: The sandbox is not in sync with the Podfile.lock. Run 'pod install' or update your CocoaPods installation.\" >&2\n    exit 1\nfi\n# This output is used by Xcode 'outputs' to avoid re-running this script phase.\necho \"SUCCESS\" > \"${SCRIPT_OUTPUT_FILE_0}\"\n";
			showEnvVarsInLog = 0;
		};
		76E2E453340650C4B3FCE1A3 /* [CP] Embed Pods Frameworks */ = {
			isa = PBXShellScriptBuildPhase;
			buildActionMask = 2147483647;
			files = (
			);
			name = "[CP] Embed Pods Frameworks";
			runOnlyForDeploymentPostprocessing = 0;
			shellPath = /bin/sh;
			shellScript = "\"${PODS_ROOT}/Target Support Files/Pods-iosWaiter/Pods-iosWaiter-frameworks.sh\"\n";
			showEnvVarsInLog = 0;
		};
/* End PBXShellScriptBuildPhase section */

/* Begin PBXSourcesBuildPhase section */
		3F23CCE2263D8411008B9100 /* Sources */ = {
			isa = PBXSourcesBuildPhase;
			buildActionMask = 2147483647;
			files = (
				3FB729C6265ECCE700B15496 /* UserController.swift in Sources */,
				3FC7897826557894005148A3 /* OrderController.swift in Sources */,
				3FBEAC6B26559F130031286A /* orderedItem.swift in Sources */,
				3FE94620263EFFD200E4FB62 /* AsianController.swift in Sources */,
				3FE94622263EFFE000E4FB62 /* BurgerController.swift in Sources */,
				3FB729CC266167B100B15496 /* paymentController.swift in Sources */,
				3FBEAC7126594DB10031286A /* registerController.swift in Sources */,
				3FBEAC6F265941940031286A /* logInController.swift in Sources */,
				3FECA3312663F3A5000A1A63 /* indexController.swift in Sources */,
				3FBEAC78265A65EA0031286A /* DatabaseController.swift in Sources */,
				3FE9461E263EFCED00E4FB62 /* PizzaController.swift in Sources */,
				3FB729C2265BD5AD00B15496 /* savedSettings.swift in Sources */,
				3FB729C0265BD33500B15496 /* SettingsController.swift in Sources */,
				3F23CCEC263D8411008B9100 /* ViewController.swift in Sources */,
				3FBEAC7326594DBE0031286A /* finishedOrderController.swift in Sources */,
				3F23CCF2263D8411008B9100 /* iosWaiter.xcdatamodeld in Sources */,
				3FE9461C263EFA0300E4FB62 /* Person.swift in Sources */,
				3FB729C4265ECCCE00B15496 /* User.swift in Sources */,
				3FBEAC7A265A680A0031286A /* Order.swift in Sources */,
				3F23CCEA263D8411008B9100 /* AppDelegate.swift in Sources */,
				3FE94624263F121000E4FB62 /* GeneralOrderInfo.swift in Sources */,
				3FB729CE2663D1DE00B15496 /* historyController.swift in Sources */,
			);
			runOnlyForDeploymentPostprocessing = 0;
		};
/* End PBXSourcesBuildPhase section */

/* Begin PBXVariantGroup section */
		3F23CCED263D8411008B9100 /* Main.storyboard */ = {
			isa = PBXVariantGroup;
			children = (
				3F23CCEE263D8411008B9100 /* Base */,
			);
			name = Main.storyboard;
			sourceTree = "<group>";
		};
		3F23CCF5263D8413008B9100 /* LaunchScreen.storyboard */ = {
			isa = PBXVariantGroup;
			children = (
				3F23CCF6263D8413008B9100 /* Base */,
			);
			name = LaunchScreen.storyboard;
			sourceTree = "<group>";
		};
/* End PBXVariantGroup section */

/* Begin XCBuildConfiguration section */
		3F23CCF9263D8413008B9100 /* Debug */ = {
			isa = XCBuildConfiguration;
			buildSettings = {
				ALWAYS_SEARCH_USER_PATHS = NO;
				CLANG_ANALYZER_NONNULL = YES;
				CLANG_ANALYZER_NUMBER_OBJECT_CONVERSION = YES_AGGRESSIVE;
				CLANG_CXX_LANGUAGE_STANDARD = "gnu++14";
				CLANG_CXX_LIBRARY = "libc++";
				CLANG_ENABLE_MODULES = YES;
				CLANG_ENABLE_OBJC_ARC = YES;
				CLANG_ENABLE_OBJC_WEAK = YES;
				CLANG_WARN_BLOCK_CAPTURE_AUTORELEASING = YES;
				CLANG_WARN_BOOL_CONVERSION = YES;
				CLANG_WARN_COMMA = YES;
				CLANG_WARN_CONSTANT_CONVERSION = YES;
				CLANG_WARN_DEPRECATED_OBJC_IMPLEMENTATIONS = YES;
				CLANG_WARN_DIRECT_OBJC_ISA_USAGE = YES_ERROR;
				CLANG_WARN_DOCUMENTATION_COMMENTS = YES;
				CLANG_WARN_EMPTY_BODY = YES;
				CLANG_WARN_ENUM_CONVERSION = YES;
				CLANG_WARN_INFINITE_RECURSION = YES;
				CLANG_WARN_INT_CONVERSION = YES;
				CLANG_WARN_NON_LITERAL_NULL_CONVERSION = YES;
				CLANG_WARN_OBJC_IMPLICIT_RETAIN_SELF = YES;
				CLANG_WARN_OBJC_LITERAL_CONVERSION = YES;
				CLANG_WARN_OBJC_ROOT_CLASS = YES_ERROR;
				CLANG_WARN_RANGE_LOOP_ANALYSIS = YES;
				CLANG_WARN_STRICT_PROTOTYPES = YES;
				CLANG_WARN_SUSPICIOUS_MOVE = YES;
				CLANG_WARN_UNGUARDED_AVAILABILITY = YES_AGGRESSIVE;
				CLANG_WARN_UNREACHABLE_CODE = YES;
				CLANG_WARN__DUPLICATE_METHOD_MATCH = YES;
				CODE_SIGN_IDENTITY = "iPhone Developer";
				COPY_PHASE_STRIP = NO;
				DEBUG_INFORMATION_FORMAT = dwarf;
				ENABLE_STRICT_OBJC_MSGSEND = YES;
				ENABLE_TESTABILITY = YES;
				GCC_C_LANGUAGE_STANDARD = gnu11;
				GCC_DYNAMIC_NO_PIC = NO;
				GCC_NO_COMMON_BLOCKS = YES;
				GCC_OPTIMIZATION_LEVEL = 0;
				GCC_PREPROCESSOR_DEFINITIONS = (
					"DEBUG=1",
					"$(inherited)",
				);
				GCC_WARN_64_TO_32_BIT_CONVERSION = YES;
				GCC_WARN_ABOUT_RETURN_TYPE = YES_ERROR;
				GCC_WARN_UNDECLARED_SELECTOR = YES;
				GCC_WARN_UNINITIALIZED_AUTOS = YES_AGGRESSIVE;
				GCC_WARN_UNUSED_FUNCTION = YES;
				GCC_WARN_UNUSED_VARIABLE = YES;
				IPHONEOS_DEPLOYMENT_TARGET = 11.4;
				MTL_ENABLE_DEBUG_INFO = YES;
				ONLY_ACTIVE_ARCH = YES;
				SDKROOT = iphoneos;
				SWIFT_ACTIVE_COMPILATION_CONDITIONS = DEBUG;
				SWIFT_OPTIMIZATION_LEVEL = "-Onone";
			};
			name = Debug;
		};
		3F23CCFA263D8413008B9100 /* Release */ = {
			isa = XCBuildConfiguration;
			buildSettings = {
				ALWAYS_SEARCH_USER_PATHS = NO;
				CLANG_ANALYZER_NONNULL = YES;
				CLANG_ANALYZER_NUMBER_OBJECT_CONVERSION = YES_AGGRESSIVE;
				CLANG_CXX_LANGUAGE_STANDARD = "gnu++14";
				CLANG_CXX_LIBRARY = "libc++";
				CLANG_ENABLE_MODULES = YES;
				CLANG_ENABLE_OBJC_ARC = YES;
				CLANG_ENABLE_OBJC_WEAK = YES;
				CLANG_WARN_BLOCK_CAPTURE_AUTORELEASING = YES;
				CLANG_WARN_BOOL_CONVERSION = YES;
				CLANG_WARN_COMMA = YES;
				CLANG_WARN_CONSTANT_CONVERSION = YES;
				CLANG_WARN_DEPRECATED_OBJC_IMPLEMENTATIONS = YES;
				CLANG_WARN_DIRECT_OBJC_ISA_USAGE = YES_ERROR;
				CLANG_WARN_DOCUMENTATION_COMMENTS = YES;
				CLANG_WARN_EMPTY_BODY = YES;
				CLANG_WARN_ENUM_CONVERSION = YES;
				CLANG_WARN_INFINITE_RECURSION = YES;
				CLANG_WARN_INT_CONVERSION = YES;
				CLANG_WARN_NON_LITERAL_NULL_CONVERSION = YES;
				CLANG_WARN_OBJC_IMPLICIT_RETAIN_SELF = YES;
				CLANG_WARN_OBJC_LITERAL_CONVERSION = YES;
				CLANG_WARN_OBJC_ROOT_CLASS = YES_ERROR;
				CLANG_WARN_RANGE_LOOP_ANALYSIS = YES;
				CLANG_WARN_STRICT_PROTOTYPES = YES;
				CLANG_WARN_SUSPICIOUS_MOVE = YES;
				CLANG_WARN_UNGUARDED_AVAILABILITY = YES_AGGRESSIVE;
				CLANG_WARN_UNREACHABLE_CODE = YES;
				CLANG_WARN__DUPLICATE_METHOD_MATCH = YES;
				CODE_SIGN_IDENTITY = "iPhone Developer";
				COPY_PHASE_STRIP = NO;
				DEBUG_INFORMATION_FORMAT = "dwarf-with-dsym";
				ENABLE_NS_ASSERTIONS = NO;
				ENABLE_STRICT_OBJC_MSGSEND = YES;
				GCC_C_LANGUAGE_STANDARD = gnu11;
				GCC_NO_COMMON_BLOCKS = YES;
				GCC_WARN_64_TO_32_BIT_CONVERSION = YES;
				GCC_WARN_ABOUT_RETURN_TYPE = YES_ERROR;
				GCC_WARN_UNDECLARED_SELECTOR = YES;
				GCC_WARN_UNINITIALIZED_AUTOS = YES_AGGRESSIVE;
				GCC_WARN_UNUSED_FUNCTION = YES;
				GCC_WARN_UNUSED_VARIABLE = YES;
				IPHONEOS_DEPLOYMENT_TARGET = 11.4;
				MTL_ENABLE_DEBUG_INFO = NO;
				SDKROOT = iphoneos;
				SWIFT_COMPILATION_MODE = wholemodule;
				SWIFT_OPTIMIZATION_LEVEL = "-O";
				VALIDATE_PRODUCT = YES;
			};
			name = Release;
		};
		3F23CCFC263D8413008B9100 /* Debug */ = {
			isa = XCBuildConfiguration;
			baseConfigurationReference = 707BC5A85346C038DB57194C /* Pods-iosWaiter.debug.xcconfig */;
			buildSettings = {
				ASSETCATALOG_COMPILER_APPICON_NAME = AppIcon;
				CODE_SIGN_STYLE = Automatic;
				DEVELOPMENT_TEAM = 672N4LBH7M;
				INFOPLIST_FILE = iosWaiter/Info.plist;
				LD_RUNPATH_SEARCH_PATHS = (
					"$(inherited)",
					"@executable_path/Frameworks",
				);
				PRODUCT_BUNDLE_IDENTIFIER = vemwaat.iosWaiter;
				PRODUCT_NAME = "$(TARGET_NAME)";
				SWIFT_VERSION = 4.0;
				TARGETED_DEVICE_FAMILY = "1,2";
			};
			name = Debug;
		};
		3F23CCFD263D8413008B9100 /* Release */ = {
			isa = XCBuildConfiguration;
			baseConfigurationReference = 6A5E0B923E3784C7F73CA1E0 /* Pods-iosWaiter.release.xcconfig */;
			buildSettings = {
				ASSETCATALOG_COMPILER_APPICON_NAME = AppIcon;
				CODE_SIGN_STYLE = Automatic;
				DEVELOPMENT_TEAM = 672N4LBH7M;
				INFOPLIST_FILE = iosWaiter/Info.plist;
				LD_RUNPATH_SEARCH_PATHS = (
					"$(inherited)",
					"@executable_path/Frameworks",
				);
				PRODUCT_BUNDLE_IDENTIFIER = vemwaat.iosWaiter;
				PRODUCT_NAME = "$(TARGET_NAME)";
				SWIFT_VERSION = 4.0;
				TARGETED_DEVICE_FAMILY = "1,2";
			};
			name = Release;
		};
/* End XCBuildConfiguration section */

/* Begin XCConfigurationList section */
		3F23CCE1263D8411008B9100 /* Build configuration list for PBXProject "iosWaiter" */ = {
			isa = XCConfigurationList;
			buildConfigurations = (
				3F23CCF9263D8413008B9100 /* Debug */,
				3F23CCFA263D8413008B9100 /* Release */,
			);
			defaultConfigurationIsVisible = 0;
			defaultConfigurationName = Release;
		};
		3F23CCFB263D8413008B9100 /* Build configuration list for PBXNativeTarget "iosWaiter" */ = {
			isa = XCConfigurationList;
			buildConfigurations = (
				3F23CCFC263D8413008B9100 /* Debug */,
				3F23CCFD263D8413008B9100 /* Release */,
			);
			defaultConfigurationIsVisible = 0;
			defaultConfigurationName = Release;
		};
/* End XCConfigurationList section */

/* Begin XCVersionGroup section */
		3F23CCF0263D8411008B9100 /* iosWaiter.xcdatamodeld */ = {
			isa = XCVersionGroup;
			children = (
				3F23CCF1263D8411008B9100 /* iosWaiter.xcdatamodel */,
			);
			currentVersion = 3F23CCF1263D8411008B9100 /* iosWaiter.xcdatamodel */;
			path = iosWaiter.xcdatamodeld;
			sourceTree = "<group>";
			versionGroupType = wrapper.xcdatamodel;
		};
/* End XCVersionGroup section */
	};
	rootObject = 3F23CCDE263D8411008B9100 /* Project object */;
}
